// !$*UTF8*$!
{
	archiveVersion = 1;
	classes = {
	};
	objectVersion = 50;
	objects = {

/* Begin PBXBuildFile section */
		B9034330215815B500509ED6 /* Icon.icns in Resources */ = {isa = PBXBuildFile; fileRef = B903432F215815B400509ED6 /* Icon.icns */; };
		B9085D5E21AD565C006A6E14 /* OSDLog.swift in Sources */ = {isa = PBXBuildFile; fileRef = B9085D5D21AD565C006A6E14 /* OSDLog.swift */; };
		B90E99F421331096000550FF /* AppDelegate.swift in Sources */ = {isa = PBXBuildFile; fileRef = B90E99F321331096000550FF /* AppDelegate.swift */; };
		B90E99F621331098000550FF /* Assets.xcassets in Resources */ = {isa = PBXBuildFile; fileRef = B90E99F521331098000550FF /* Assets.xcassets */; };
		B90E99F921331098000550FF /* MainMenu.xib in Resources */ = {isa = PBXBuildFile; fileRef = B90E99F721331098000550FF /* MainMenu.xib */; };
		B90E9A0221331189000550FF /* Constants.swift in Sources */ = {isa = PBXBuildFile; fileRef = B90E9A0121331189000550FF /* Constants.swift */; };
		B90E9A042133138E000550FF /* FaceDisplay.swift in Sources */ = {isa = PBXBuildFile; fileRef = B90E9A032133138D000550FF /* FaceDisplay.swift */; };
		B90E9A0D21331408000550FF /* FaceTracker.swift in Sources */ = {isa = PBXBuildFile; fileRef = B90E9A0621331408000550FF /* FaceTracker.swift */; };
		B90E9A0E21331408000550FF /* FaceTrackerDebug.swift in Sources */ = {isa = PBXBuildFile; fileRef = B90E9A0721331408000550FF /* FaceTrackerDebug.swift */; };
		B90E9A0F21331408000550FF /* FaceDisplayLayer.swift in Sources */ = {isa = PBXBuildFile; fileRef = B90E9A0821331408000550FF /* FaceDisplayLayer.swift */; };
		B90E9A1121331408000550FF /* Extensions.swift in Sources */ = {isa = PBXBuildFile; fileRef = B90E9A0A21331408000550FF /* Extensions.swift */; };
		B90E9A1221331408000550FF /* Face.swift in Sources */ = {isa = PBXBuildFile; fileRef = B90E9A0B21331408000550FF /* Face.swift */; };
		B9829DA32146913800837BB4 /* CALayerMatrix.swift in Sources */ = {isa = PBXBuildFile; fileRef = B9829DA22146913800837BB4 /* CALayerMatrix.swift */; };
/* End PBXBuildFile section */

/* Begin PBXFileReference section */
		B903432F215815B400509ED6 /* Icon.icns */ = {isa = PBXFileReference; lastKnownFileType = image.icns; path = Icon.icns; sourceTree = "<group>"; };
		B9085D5D21AD565C006A6E14 /* OSDLog.swift */ = {isa = PBXFileReference; lastKnownFileType = sourcecode.swift; path = OSDLog.swift; sourceTree = "<group>"; };
		B90E99F021331096000550FF /* Detektor.app */ = {isa = PBXFileReference; explicitFileType = wrapper.application; includeInIndex = 0; path = Detektor.app; sourceTree = BUILT_PRODUCTS_DIR; };
		B90E99F321331096000550FF /* AppDelegate.swift */ = {isa = PBXFileReference; lastKnownFileType = sourcecode.swift; path = AppDelegate.swift; sourceTree = "<group>"; };
		B90E99F521331098000550FF /* Assets.xcassets */ = {isa = PBXFileReference; lastKnownFileType = folder.assetcatalog; path = Assets.xcassets; sourceTree = "<group>"; };
		B90E99F821331098000550FF /* Base */ = {isa = PBXFileReference; lastKnownFileType = file.xib; name = Base; path = Base.lproj/MainMenu.xib; sourceTree = "<group>"; };
		B90E99FA21331098000550FF /* Info.plist */ = {isa = PBXFileReference; lastKnownFileType = text.plist.xml; path = Info.plist; sourceTree = "<group>"; };
		B90E99FB21331098000550FF /* Detektor.entitlements */ = {isa = PBXFileReference; lastKnownFileType = text.plist.entitlements; path = Detektor.entitlements; sourceTree = "<group>"; };
		B90E9A0121331189000550FF /* Constants.swift */ = {isa = PBXFileReference; lastKnownFileType = sourcecode.swift; path = Constants.swift; sourceTree = "<group>"; };
		B90E9A032133138D000550FF /* FaceDisplay.swift */ = {isa = PBXFileReference; lastKnownFileType = sourcecode.swift; path = FaceDisplay.swift; sourceTree = "<group>"; };
		B90E9A0621331408000550FF /* FaceTracker.swift */ = {isa = PBXFileReference; lastKnownFileType = sourcecode.swift; path = FaceTracker.swift; sourceTree = "<group>"; };
		B90E9A0721331408000550FF /* FaceTrackerDebug.swift */ = {isa = PBXFileReference; lastKnownFileType = sourcecode.swift; path = FaceTrackerDebug.swift; sourceTree = "<group>"; };
		B90E9A0821331408000550FF /* FaceDisplayLayer.swift */ = {isa = PBXFileReference; lastKnownFileType = sourcecode.swift; path = FaceDisplayLayer.swift; sourceTree = "<group>"; };
		B90E9A0A21331408000550FF /* Extensions.swift */ = {isa = PBXFileReference; lastKnownFileType = sourcecode.swift; path = Extensions.swift; sourceTree = "<group>"; };
		B90E9A0B21331408000550FF /* Face.swift */ = {isa = PBXFileReference; lastKnownFileType = sourcecode.swift; path = Face.swift; sourceTree = "<group>"; };
		B9829DA22146913800837BB4 /* CALayerMatrix.swift */ = {isa = PBXFileReference; lastKnownFileType = sourcecode.swift; path = CALayerMatrix.swift; sourceTree = "<group>"; };
/* End PBXFileReference section */

/* Begin PBXFrameworksBuildPhase section */
		B90E99ED21331096000550FF /* Frameworks */ = {
			isa = PBXFrameworksBuildPhase;
			buildActionMask = 2147483647;
			files = (
			);
			runOnlyForDeploymentPostprocessing = 0;
		};
/* End PBXFrameworksBuildPhase section */

/* Begin PBXGroup section */
		B90E99E721331096000550FF = {
			isa = PBXGroup;
			children = (
				B90E99F221331096000550FF /* Detektor */,
				B90E99F121331096000550FF /* Products */,
			);
			sourceTree = "<group>";
		};
		B90E99F121331096000550FF /* Products */ = {
			isa = PBXGroup;
			children = (
				B90E99F021331096000550FF /* Detektor.app */,
			);
			name = Products;
			sourceTree = "<group>";
		};
		B90E99F221331096000550FF /* Detektor */ = {
			isa = PBXGroup;
			children = (
				B90E99F321331096000550FF /* AppDelegate.swift */,
				B9085D5D21AD565C006A6E14 /* OSDLog.swift */,
				B9829DA22146913800837BB4 /* CALayerMatrix.swift */,
				B90E9A0121331189000550FF /* Constants.swift */,
				B90E9A0A21331408000550FF /* Extensions.swift */,
				B90E9A0B21331408000550FF /* Face.swift */,
				B90E9A0621331408000550FF /* FaceTracker.swift */,
				B90E9A0721331408000550FF /* FaceTrackerDebug.swift */,
				B90E9A032133138D000550FF /* FaceDisplay.swift */,
				B90E9A0821331408000550FF /* FaceDisplayLayer.swift */,
				B90E99F521331098000550FF /* Assets.xcassets */,
				B90E99FB21331098000550FF /* Detektor.entitlements */,
				B90E99FA21331098000550FF /* Info.plist */,
				B90E99F721331098000550FF /* MainMenu.xib */,
				B903432F215815B400509ED6 /* Icon.icns */,
			);
			path = Detektor;
			sourceTree = "<group>";
		};
/* End PBXGroup section */

/* Begin PBXNativeTarget section */
		B90E99EF21331096000550FF /* Detektor */ = {
			isa = PBXNativeTarget;
			buildConfigurationList = B90E99FE21331098000550FF /* Build configuration list for PBXNativeTarget "Detektor" */;
			buildPhases = (
				B90E99EC21331096000550FF /* Sources */,
				B90E99ED21331096000550FF /* Frameworks */,
				B90E99EE21331096000550FF /* Resources */,
			);
			buildRules = (
			);
			dependencies = (
			);
			name = Detektor;
			productName = Detektor;
			productReference = B90E99F021331096000550FF /* Detektor.app */;
			productType = "com.apple.product-type.application";
		};
/* End PBXNativeTarget section */

/* Begin PBXProject section */
		B90E99E821331096000550FF /* Project object */ = {
			isa = PBXProject;
			attributes = {
				LastSwiftUpdateCheck = 0940;
				LastUpgradeCheck = 0940;
				ORGANIZATIONNAME = "Julian Palacz";
				TargetAttributes = {
					B90E99EF21331096000550FF = {
						CreatedOnToolsVersion = 9.4.1;
						SystemCapabilities = {
							com.apple.Sandbox = {
								enabled = 0;
							};
						};
					};
				};
			};
			buildConfigurationList = B90E99EB21331096000550FF /* Build configuration list for PBXProject "Detektor" */;
			compatibilityVersion = "Xcode 9.3";
			developmentRegion = en;
			hasScannedForEncodings = 0;
			knownRegions = (
				en,
				Base,
			);
			mainGroup = B90E99E721331096000550FF;
			productRefGroup = B90E99F121331096000550FF /* Products */;
			projectDirPath = "";
			projectRoot = "";
			targets = (
				B90E99EF21331096000550FF /* Detektor */,
			);
		};
/* End PBXProject section */

/* Begin PBXResourcesBuildPhase section */
		B90E99EE21331096000550FF /* Resources */ = {
			isa = PBXResourcesBuildPhase;
			buildActionMask = 2147483647;
			files = (
				B9034330215815B500509ED6 /* Icon.icns in Resources */,
				B90E99F621331098000550FF /* Assets.xcassets in Resources */,
				B90E99F921331098000550FF /* MainMenu.xib in Resources */,
			);
			runOnlyForDeploymentPostprocessing = 0;
		};
/* End PBXResourcesBuildPhase section */

/* Begin PBXSourcesBuildPhase section */
		B90E99EC21331096000550FF /* Sources */ = {
			isa = PBXSourcesBuildPhase;
			buildActionMask = 2147483647;
			files = (
				B90E9A1221331408000550FF /* Face.swift in Sources */,
				B90E9A1121331408000550FF /* Extensions.swift in Sources */,
				B90E9A042133138E000550FF /* FaceDisplay.swift in Sources */,
				B90E99F421331096000550FF /* AppDelegate.swift in Sources */,
				B90E9A0F21331408000550FF /* FaceDisplayLayer.swift in Sources */,
				B9085D5E21AD565C006A6E14 /* OSDLog.swift in Sources */,
				B90E9A0D21331408000550FF /* FaceTracker.swift in Sources */,
				B9829DA32146913800837BB4 /* CALayerMatrix.swift in Sources */,
				B90E9A0221331189000550FF /* Constants.swift in Sources */,
				B90E9A0E21331408000550FF /* FaceTrackerDebug.swift in Sources */,
			);
			runOnlyForDeploymentPostprocessing = 0;
		};
/* End PBXSourcesBuildPhase section */

/* Begin PBXVariantGroup section */
		B90E99F721331098000550FF /* MainMenu.xib */ = {
			isa = PBXVariantGroup;
			children = (
				B90E99F821331098000550FF /* Base */,
			);
			name = MainMenu.xib;
			sourceTree = "<group>";
		};
/* End PBXVariantGroup section */

/* Begin XCBuildConfiguration section */
		B90E99FC21331098000550FF /* Debug */ = {
			isa = XCBuildConfiguration;
			buildSettings = {
				ALWAYS_SEARCH_USER_PATHS = NO;
				CLANG_ANALYZER_NONNULL = YES;
				CLANG_ANALYZER_NUMBER_OBJECT_CONVERSION = YES_AGGRESSIVE;
				CLANG_CXX_LANGUAGE_STANDARD = "gnu++14";
				CLANG_CXX_LIBRARY = "libc++";
				CLANG_ENABLE_MODULES = YES;
				CLANG_ENABLE_OBJC_ARC = YES;
				CLANG_ENABLE_OBJC_WEAK = YES;
				CLANG_WARN_BLOCK_CAPTURE_AUTORELEASING = YES;
				CLANG_WARN_BOOL_CONVERSION = YES;
				CLANG_WARN_COMMA = YES;
				CLANG_WARN_CONSTANT_CONVERSION = YES;
				CLANG_WARN_DEPRECATED_OBJC_IMPLEMENTATIONS = YES;
				CLANG_WARN_DIRECT_OBJC_ISA_USAGE = YES_ERROR;
				CLANG_WARN_DOCUMENTATION_COMMENTS = YES;
				CLANG_WARN_EMPTY_BODY = YES;
				CLANG_WARN_ENUM_CONVERSION = YES;
				CLANG_WARN_INFINITE_RECURSION = YES;
				CLANG_WARN_INT_CONVERSION = YES;
				CLANG_WARN_NON_LITERAL_NULL_CONVERSION = YES;
				CLANG_WARN_OBJC_IMPLICIT_RETAIN_SELF = YES;
				CLANG_WARN_OBJC_LITERAL_CONVERSION = YES;
				CLANG_WARN_OBJC_ROOT_CLASS = YES_ERROR;
				CLANG_WARN_RANGE_LOOP_ANALYSIS = YES;
				CLANG_WARN_STRICT_PROTOTYPES = YES;
				CLANG_WARN_SUSPICIOUS_MOVE = YES;
				CLANG_WARN_UNGUARDED_AVAILABILITY = YES_AGGRESSIVE;
				CLANG_WARN_UNREACHABLE_CODE = YES;
				CLANG_WARN__DUPLICATE_METHOD_MATCH = YES;
				CODE_SIGN_IDENTITY = "";
				COPY_PHASE_STRIP = NO;
				DEBUG_INFORMATION_FORMAT = dwarf;
				ENABLE_STRICT_OBJC_MSGSEND = YES;
				ENABLE_TESTABILITY = YES;
				GCC_C_LANGUAGE_STANDARD = gnu11;
				GCC_DYNAMIC_NO_PIC = NO;
				GCC_NO_COMMON_BLOCKS = YES;
				GCC_OPTIMIZATION_LEVEL = 0;
				GCC_PREPROCESSOR_DEFINITIONS = (
					"DEBUG=1",
					"$(inherited)",
				);
				GCC_WARN_64_TO_32_BIT_CONVERSION = YES;
				GCC_WARN_ABOUT_RETURN_TYPE = YES_ERROR;
				GCC_WARN_UNDECLARED_SELECTOR = YES;
				GCC_WARN_UNINITIALIZED_AUTOS = YES_AGGRESSIVE;
				GCC_WARN_UNUSED_FUNCTION = YES;
				GCC_WARN_UNUSED_VARIABLE = YES;
				MACOSX_DEPLOYMENT_TARGET = 10.13;
				MTL_ENABLE_DEBUG_INFO = YES;
				ONLY_ACTIVE_ARCH = YES;
				SDKROOT = macosx;
				SWIFT_ACTIVE_COMPILATION_CONDITIONS = DEBUG;
				SWIFT_OPTIMIZATION_LEVEL = "-Onone";
			};
			name = Debug;
		};
		B90E99FD21331098000550FF /* Release */ = {
			isa = XCBuildConfiguration;
			buildSettings = {
				ALWAYS_SEARCH_USER_PATHS = NO;
				CLANG_ANALYZER_NONNULL = YES;
				CLANG_ANALYZER_NUMBER_OBJECT_CONVERSION = YES_AGGRESSIVE;
				CLANG_CXX_LANGUAGE_STANDARD = "gnu++14";
				CLANG_CXX_LIBRARY = "libc++";
				CLANG_ENABLE_MODULES = YES;
				CLANG_ENABLE_OBJC_ARC = YES;
				CLANG_ENABLE_OBJC_WEAK = YES;
				CLANG_WARN_BLOCK_CAPTURE_AUTORELEASING = YES;
				CLANG_WARN_BOOL_CONVERSION = YES;
				CLANG_WARN_COMMA = YES;
				CLANG_WARN_CONSTANT_CONVERSION = YES;
				CLANG_WARN_DEPRECATED_OBJC_IMPLEMENTATIONS = YES;
				CLANG_WARN_DIRECT_OBJC_ISA_USAGE = YES_ERROR;
				CLANG_WARN_DOCUMENTATION_COMMENTS = YES;
				CLANG_WARN_EMPTY_BODY = YES;
				CLANG_WARN_ENUM_CONVERSION = YES;
				CLANG_WARN_INFINITE_RECURSION = YES;
				CLANG_WARN_INT_CONVERSION = YES;
				CLANG_WARN_NON_LITERAL_NULL_CONVERSION = YES;
				CLANG_WARN_OBJC_IMPLICIT_RETAIN_SELF = YES;
				CLANG_WARN_OBJC_LITERAL_CONVERSION = YES;
				CLANG_WARN_OBJC_ROOT_CLASS = YES_ERROR;
				CLANG_WARN_RANGE_LOOP_ANALYSIS = YES;
				CLANG_WARN_STRICT_PROTOTYPES = YES;
				CLANG_WARN_SUSPICIOUS_MOVE = YES;
				CLANG_WARN_UNGUARDED_AVAILABILITY = YES_AGGRESSIVE;
				CLANG_WARN_UNREACHABLE_CODE = YES;
				CLANG_WARN__DUPLICATE_METHOD_MATCH = YES;
				CODE_SIGN_IDENTITY = "";
				COPY_PHASE_STRIP = NO;
				DEBUG_INFORMATION_FORMAT = "dwarf-with-dsym";
				ENABLE_NS_ASSERTIONS = NO;
				ENABLE_STRICT_OBJC_MSGSEND = YES;
				GCC_C_LANGUAGE_STANDARD = gnu11;
				GCC_NO_COMMON_BLOCKS = YES;
				GCC_WARN_64_TO_32_BIT_CONVERSION = YES;
				GCC_WARN_ABOUT_RETURN_TYPE = YES_ERROR;
				GCC_WARN_UNDECLARED_SELECTOR = YES;
				GCC_WARN_UNINITIALIZED_AUTOS = YES_AGGRESSIVE;
				GCC_WARN_UNUSED_FUNCTION = YES;
				GCC_WARN_UNUSED_VARIABLE = YES;
				MACOSX_DEPLOYMENT_TARGET = 10.13;
				MTL_ENABLE_DEBUG_INFO = NO;
				SDKROOT = macosx;
				SWIFT_COMPILATION_MODE = wholemodule;
				SWIFT_OPTIMIZATION_LEVEL = "-O";
			};
			name = Release;
		};
		B90E99FF21331098000550FF /* Debug */ = {
			isa = XCBuildConfiguration;
			buildSettings = {
				ASSETCATALOG_COMPILER_APPICON_NAME = AppIcon;
				CODE_SIGN_IDENTITY = "";
				CODE_SIGN_STYLE = Manual;
				COMBINE_HIDPI_IMAGES = YES;
				DEVELOPMENT_TEAM = "";
				FRAMEWORK_SEARCH_PATHS = (
					"$(inherited)",
					"$(PROJECT_DIR)/Carthage/Build/Mac",
					"$(PROJECT_DIR)/Detektor",
				);
				INFOPLIST_FILE = Detektor/Info.plist;
				LD_RUNPATH_SEARCH_PATHS = (
					"$(inherited)",
					"@executable_path/../Frameworks",
				);
				PRODUCT_BUNDLE_IDENTIFIER = at.palacz.Detektor;
				PRODUCT_NAME = "$(TARGET_NAME)";
				PROVISIONING_PROFILE_SPECIFIER = "";
				SWIFT_VERSION = 4.0;
			};
			name = Debug;
		};
		B90E9A0021331098000550FF /* Release */ = {
			isa = XCBuildConfiguration;
			buildSettings = {
				ASSETCATALOG_COMPILER_APPICON_NAME = AppIcon;
				CODE_SIGN_IDENTITY = "";
				CODE_SIGN_STYLE = Manual;
				COMBINE_HIDPI_IMAGES = YES;
				DEVELOPMENT_TEAM = "";
				FRAMEWORK_SEARCH_PATHS = (
					"$(inherited)",
					"$(PROJECT_DIR)/Carthage/Build/Mac",
					"$(PROJECT_DIR)/Detektor",
				);
				INFOPLIST_FILE = Detektor/Info.plist;
				LD_RUNPATH_SEARCH_PATHS = (
					"$(inherited)",
					"@executable_path/../Frameworks",
				);
				PRODUCT_BUNDLE_IDENTIFIER = at.palacz.Detektor;
				PRODUCT_NAME = "$(TARGET_NAME)";
				PROVISIONING_PROFILE_SPECIFIER = "";
				SWIFT_VERSION = 4.0;
			};
			name = Release;
		};
/* End XCBuildConfiguration section */

/* Begin XCConfigurationList section */
		B90E99EB21331096000550FF /* Build configuration list for PBXProject "Detektor" */ = {
			isa = XCConfigurationList;
			buildConfigurations = (
				B90E99FC21331098000550FF /* Debug */,
				B90E99FD21331098000550FF /* Release */,
			);
			defaultConfigurationIsVisible = 0;
			defaultConfigurationName = Release;
		};
		B90E99FE21331098000550FF /* Build configuration list for PBXNativeTarget "Detektor" */ = {
			isa = XCConfigurationList;
			buildConfigurations = (
				B90E99FF21331098000550FF /* Debug */,
				B90E9A0021331098000550FF /* Release */,
			);
			defaultConfigurationIsVisible = 0;
			defaultConfigurationName = Release;
		};
/* End XCConfigurationList section */
	};
	rootObject = B90E99E821331096000550FF /* Project object */;
}
